// !$*UTF8*$!
{
	archiveVersion = 1;
	classes = {
	};
	objectVersion = 48;
	objects = {

/* Begin PBXBuildFile section */
		007FFA2F209EAB1100D23153 /* AppDelegate.swift in Sources */ = {isa = PBXBuildFile; fileRef = 007FFA2E209EAB1100D23153 /* AppDelegate.swift */; };
		007FFA31209EAB1100D23153 /* ViewController.swift in Sources */ = {isa = PBXBuildFile; fileRef = 007FFA30209EAB1100D23153 /* ViewController.swift */; };
		007FFA34209EAB1100D23153 /* Main.storyboard in Resources */ = {isa = PBXBuildFile; fileRef = 007FFA32209EAB1100D23153 /* Main.storyboard */; };
		007FFA36209EAB1100D23153 /* Assets.xcassets in Resources */ = {isa = PBXBuildFile; fileRef = 007FFA35209EAB1100D23153 /* Assets.xcassets */; };
		007FFA39209EAB1100D23153 /* LaunchScreen.storyboard in Resources */ = {isa = PBXBuildFile; fileRef = 007FFA37209EAB1100D23153 /* LaunchScreen.storyboard */; };
/* End PBXBuildFile section */

/* Begin PBXFileReference section */
		007FFA2B209EAB1100D23153 /* Stack View.app */ = {isa = PBXFileReference; explicitFileType = wrapper.application; includeInIndex = 0; path = "Stack View.app"; sourceTree = BUILT_PRODUCTS_DIR; };
		007FFA2E209EAB1100D23153 /* AppDelegate.swift */ = {isa = PBXFileReference; lastKnownFileType = sourcecode.swift; path = AppDelegate.swift; sourceTree = "<group>"; };
		007FFA30209EAB1100D23153 /* ViewController.swift */ = {isa = PBXFileReference; lastKnownFileType = sourcecode.swift; path = ViewController.swift; sourceTree = "<group>"; };
		007FFA33209EAB1100D23153 /* Base */ = {isa = PBXFileReference; lastKnownFileType = file.storyboard; name = Base; path = Base.lproj/Main.storyboard; sourceTree = "<group>"; };
		007FFA35209EAB1100D23153 /* Assets.xcassets */ = {isa = PBXFileReference; lastKnownFileType = folder.assetcatalog; path = Assets.xcassets; sourceTree = "<group>"; };
		007FFA38209EAB1100D23153 /* Base */ = {isa = PBXFileReference; lastKnownFileType = file.storyboard; name = Base; path = Base.lproj/LaunchScreen.storyboard; sourceTree = "<group>"; };
		007FFA3A209EAB1100D23153 /* Info.plist */ = {isa = PBXFileReference; lastKnownFileType = text.plist.xml; path = Info.plist; sourceTree = "<group>"; };
/* End PBXFileReference section */

/* Begin PBXFrameworksBuildPhase section */
		007FFA28209EAB1100D23153 /* Frameworks */ = {
			isa = PBXFrameworksBuildPhase;
			buildActionMask = 2147483647;
			files = (
			);
			runOnlyForDeploymentPostprocessing = 0;
		};
/* End PBXFrameworksBuildPhase section */

/* Begin PBXGroup section */
		007FFA22209EAB1100D23153 = {
			isa = PBXGroup;
			children = (
				007FFA2D209EAB1100D23153 /* Stack View */,
				007FFA2C209EAB1100D23153 /* Products */,
			);
			sourceTree = "<group>";
		};
		007FFA2C209EAB1100D23153 /* Products */ = {
			isa = PBXGroup;
			children = (
				007FFA2B209EAB1100D23153 /* Stack View.app */,
			);
			name = Products;
			sourceTree = "<group>";
		};
		007FFA2D209EAB1100D23153 /* Stack View */ = {
			isa = PBXGroup;
			children = (
				007FFA2E209EAB1100D23153 /* AppDelegate.swift */,
				007FFA30209EAB1100D23153 /* ViewController.swift */,
				007FFA32209EAB1100D23153 /* Main.storyboard */,
				007FFA35209EAB1100D23153 /* Assets.xcassets */,
				007FFA37209EAB1100D23153 /* LaunchScreen.storyboard */,
				007FFA3A209EAB1100D23153 /* Info.plist */,
			);
			path = "Stack View";
			sourceTree = "<group>";
		};
/* End PBXGroup section */

/* Begin PBXNativeTarget section */
		007FFA2A209EAB1100D23153 /* Stack View */ = {
			isa = PBXNativeTarget;
			buildConfigurationList = 007FFA3D209EAB1100D23153 /* Build configuration list for PBXNativeTarget "Stack View" */;
			buildPhases = (
				007FFA27209EAB1100D23153 /* Sources */,
				007FFA28209EAB1100D23153 /* Frameworks */,
				007FFA29209EAB1100D23153 /* Resources */,
			);
			buildRules = (
			);
			dependencies = (
			);
			name = "Stack View";
			productName = "Stack View";
			productReference = 007FFA2B209EAB1100D23153 /* Stack View.app */;
			productType = "com.apple.product-type.application";
		};
/* End PBXNativeTarget section */

/* Begin PBXProject section */
		007FFA23209EAB1100D23153 /* Project object */ = {
			isa = PBXProject;
			attributes = {
				LastSwiftUpdateCheck = 0920;
				LastUpgradeCheck = 0920;
				ORGANIZATIONNAME = "Marisa Wadsworth";
				TargetAttributes = {
					007FFA2A209EAB1100D23153 = {
						CreatedOnToolsVersion = 9.2;
						ProvisioningStyle = Automatic;
					};
				};
			};
			buildConfigurationList = 007FFA26209EAB1100D23153 /* Build configuration list for PBXProject "Stack View" */;
			compatibilityVersion = "Xcode 8.0";
			developmentRegion = en;
			hasScannedForEncodings = 0;
			knownRegions = (
				en,
				Base,
			);
			mainGroup = 007FFA22209EAB1100D23153;
			productRefGroup = 007FFA2C209EAB1100D23153 /* Products */;
			projectDirPath = "";
			projectRoot = "";
			targets = (
				007FFA2A209EAB1100D23153 /* Stack View */,
			);
		};
/* End PBXProject section */

/* Begin PBXResourcesBuildPhase section */
		007FFA29209EAB1100D23153 /* Resources */ = {
			isa = PBXResourcesBuildPhase;
			buildActionMask = 2147483647;
			files = (
				007FFA39209EAB1100D23153 /* LaunchScreen.storyboard in Resources */,
				007FFA36209EAB1100D23153 /* Assets.xcassets in Resources */,
				007FFA34209EAB1100D23153 /* Main.storyboard in Resources */,
			);
			runOnlyForDeploymentPostprocessing = 0;
		};
/* End PBXResourcesBuildPhase section */

/* Begin PBXSourcesBuildPhase section */
		007FFA27209EAB1100D23153 /* Sources */ = {
			isa = PBXSourcesBuildPhase;
			buildActionMask = 2147483647;
			files = (
				007FFA31209EAB1100D23153 /* ViewController.swift in Sources */,
				007FFA2F209EAB1100D23153 /* AppDelegate.swift in Sources */,
			);
			runOnlyForDeploymentPostprocessing = 0;
		};
/* End PBXSourcesBuildPhase section */

/* Begin PBXVariantGroup section */
		007FFA32209EAB1100D23153 /* Main.storyboard */ = {
			isa = PBXVariantGroup;
			children = (
				007FFA33209EAB1100D23153 /* Base */,
			);
			name = Main.storyboard;
			sourceTree = "<group>";
		};
		007FFA37209EAB1100D23153 /* LaunchScreen.storyboard */ = {
			isa = PBXVariantGroup;
			children = (
				007FFA38209EAB1100D23153 /* Base */,
			);
			name = LaunchScreen.storyboard;
			sourceTree = "<group>";
		};
/* End PBXVariantGroup section */

/* Begin XCBuildConfiguration section */
		007FFA3B209EAB1100D23153 /* Debug */ = {
			isa = XCBuildConfiguration;
			buildSettings = {
				ALWAYS_SEARCH_USER_PATHS = NO;
				CLANG_ANALYZER_NONNULL = YES;
				CLANG_ANALYZER_NUMBER_OBJECT_CONVERSION = YES_AGGRESSIVE;
				CLANG_CXX_LANGUAGE_STANDARD = "gnu++14";
				CLANG_CXX_LIBRARY = "libc++";
				CLANG_ENABLE_MODULES = YES;
				CLANG_ENABLE_OBJC_ARC = YES;
				CLANG_WARN_BLOCK_CAPTURE_AUTORELEASING = YES;
				CLANG_WARN_BOOL_CONVERSION = YES;
				CLANG_WARN_COMMA = YES;
				CLANG_WARN_CONSTANT_CONVERSION = YES;
				CLANG_WARN_DIRECT_OBJC_ISA_USAGE = YES_ERROR;
				CLANG_WARN_DOCUMENTATION_COMMENTS = YES;
				CLANG_WARN_EMPTY_BODY = YES;
				CLANG_WARN_ENUM_CONVERSION = YES;
				CLANG_WARN_INFINITE_RECURSION = YES;
				CLANG_WARN_INT_CONVERSION = YES;
				CLANG_WARN_NON_LITERAL_NULL_CONVERSION = YES;
				CLANG_WARN_OBJC_LITERAL_CONVERSION = YES;
				CLANG_WARN_OBJC_ROOT_CLASS = YES_ERROR;
				CLANG_WARN_RANGE_LOOP_ANALYSIS = YES;
				CLANG_WARN_STRICT_PROTOTYPES = YES;
				CLANG_WARN_SUSPICIOUS_MOVE = YES;
				CLANG_WARN_UNGUARDED_AVAILABILITY = YES_AGGRESSIVE;
				CLANG_WARN_UNREACHABLE_CODE = YES;
				CLANG_WARN__DUPLICATE_METHOD_MATCH = YES;
				CODE_SIGN_IDENTITY = "iPhone Developer";
				COPY_PHASE_STRIP = NO;
				DEBUG_INFORMATION_FORMAT = dwarf;
				ENABLE_STRICT_OBJC_MSGSEND = YES;
				ENABLE_TESTABILITY = YES;
				GCC_C_LANGUAGE_STANDARD = gnu11;
				GCC_DYNAMIC_NO_PIC = NO;
				GCC_NO_COMMON_BLOCKS = YES;
				GCC_OPTIMIZATION_LEVEL = 0;
				GCC_PREPROCESSOR_DEFINITIONS = (
					"DEBUG=1",
					"$(inherited)",
				);
				GCC_WARN_64_TO_32_BIT_CONVERSION = YES;
				GCC_WARN_ABOUT_RETURN_TYPE = YES_ERROR;
				GCC_WARN_UNDECLARED_SELECTOR = YES;
				GCC_WARN_UNINITIALIZED_AUTOS = YES_AGGRESSIVE;
				GCC_WARN_UNUSED_FUNCTION = YES;
				GCC_WARN_UNUSED_VARIABLE = YES;
				IPHONEOS_DEPLOYMENT_TARGET = 11.2;
				MTL_ENABLE_DEBUG_INFO = YES;
				ONLY_ACTIVE_ARCH = YES;
				SDKROOT = iphoneos;
				SWIFT_ACTIVE_COMPILATION_CONDITIONS = DEBUG;
				SWIFT_OPTIMIZATION_LEVEL = "-Onone";
			};
			name = Debug;
		};
		007FFA3C209EAB1100D23153 /* Release */ = {
			isa = XCBuildConfiguration;
			buildSettings = {
				ALWAYS_SEARCH_USER_PATHS = NO;
				CLANG_ANALYZER_NONNULL = YES;
				CLANG_ANALYZER_NUMBER_OBJECT_CONVERSION = YES_AGGRESSIVE;
				CLANG_CXX_LANGUAGE_STANDARD = "gnu++14";
				CLANG_CXX_LIBRARY = "libc++";
				CLANG_ENABLE_MODULES = YES;
				CLANG_ENABLE_OBJC_ARC = YES;
				CLANG_WARN_BLOCK_CAPTURE_AUTORELEASING = YES;
				CLANG_WARN_BOOL_CONVERSION = YES;
				CLANG_WARN_COMMA = YES;
				CLANG_WARN_CONSTANT_CONVERSION = YES;
				CLANG_WARN_DIRECT_OBJC_ISA_USAGE = YES_ERROR;
				CLANG_WARN_DOCUMENTATION_COMMENTS = YES;
				CLANG_WARN_EMPTY_BODY = YES;
				CLANG_WARN_ENUM_CONVERSION = YES;
				CLANG_WARN_INFINITE_RECURSION = YES;
				CLANG_WARN_INT_CONVERSION = YES;
				CLANG_WARN_NON_LITERAL_NULL_CONVERSION = YES;
				CLANG_WARN_OBJC_LITERAL_CONVERSION = YES;
				CLANG_WARN_OBJC_ROOT_CLASS = YES_ERROR;
				CLANG_WARN_RANGE_LOOP_ANALYSIS = YES;
				CLANG_WARN_STRICT_PROTOTYPES = YES;
				CLANG_WARN_SUSPICIOUS_MOVE = YES;
				CLANG_WARN_UNGUARDED_AVAILABILITY = YES_AGGRESSIVE;
				CLANG_WARN_UNREACHABLE_CODE = YES;
				CLANG_WARN__DUPLICATE_METHOD_MATCH = YES;
				CODE_SIGN_IDENTITY = "iPhone Developer";
				COPY_PHASE_STRIP = NO;
				DEBUG_INFORMATION_FORMAT = "dwarf-with-dsym";
				ENABLE_NS_ASSERTIONS = NO;
				ENABLE_STRICT_OBJC_MSGSEND = YES;
				GCC_C_LANGUAGE_STANDARD = gnu11;
				GCC_NO_COMMON_BLOCKS = YES;
				GCC_WARN_64_TO_32_BIT_CONVERSION = YES;
				GCC_WARN_ABOUT_RETURN_TYPE = YES_ERROR;
				GCC_WARN_UNDECLARED_SELECTOR = YES;
				GCC_WARN_UNINITIALIZED_AUTOS = YES_AGGRESSIVE;
				GCC_WARN_UNUSED_FUNCTION = YES;
				GCC_WARN_UNUSED_VARIABLE = YES;
				IPHONEOS_DEPLOYMENT_TARGET = 11.2;
				MTL_ENABLE_DEBUG_INFO = NO;
				SDKROOT = iphoneos;
				SWIFT_OPTIMIZATION_LEVEL = "-Owholemodule";
				VALIDATE_PRODUCT = YES;
			};
			name = Release;
		};
		007FFA3E209EAB1100D23153 /* Debug */ = {
			isa = XCBuildConfiguration;
			buildSettings = {
				ASSETCATALOG_COMPILER_APPICON_NAME = AppIcon;
				CODE_SIGN_STYLE = Automatic;
				DEVELOPMENT_TEAM = 2XYZU6D99D;
				INFOPLIST_FILE = "Stack View/Info.plist";
				LD_RUNPATH_SEARCH_PATHS = "$(inherited) @executable_path/Frameworks";
				PRODUCT_BUNDLE_IDENTIFIER = "com.MarisaWadsworth.Stack-View";
				PRODUCT_NAME = "$(TARGET_NAME)";
				SWIFT_VERSION = 4.0;
				TARGETED_DEVICE_FAMILY = "1,2";
			};
			name = Debug;
		};
		007FFA3F209EAB1100D23153 /* Release */ = {
			isa = XCBuildConfiguration;
			buildSettings = {
				ASSETCATALOG_COMPILER_APPICON_NAME = AppIcon;
				CODE_SIGN_STYLE = Automatic;
				DEVELOPMENT_TEAM = 2XYZU6D99D;
				INFOPLIST_FILE = "Stack View/Info.plist";
				LD_RUNPATH_SEARCH_PATHS = "$(inherited) @executable_path/Frameworks";
				PRODUCT_BUNDLE_IDENTIFIER = "com.MarisaWadsworth.Stack-View";
				PRODUCT_NAME = "$(TARGET_NAME)";
				SWIFT_VERSION = 4.0;
				TARGETED_DEVICE_FAMILY = "1,2";
			};
			name = Release;
		};
/* End XCBuildConfiguration section */

/* Begin XCConfigurationList section */
		007FFA26209EAB1100D23153 /* Build configuration list for PBXProject "Stack View" */ = {
			isa = XCConfigurationList;
			buildConfigurations = (
				007FFA3B209EAB1100D23153 /* Debug */,
				007FFA3C209EAB1100D23153 /* Release */,
			);
			defaultConfigurationIsVisible = 0;
			defaultConfigurationName = Release;
		};
		007FFA3D209EAB1100D23153 /* Build configuration list for PBXNativeTarget "Stack View" */ = {
			isa = XCConfigurationList;
			buildConfigurations = (
				007FFA3E209EAB1100D23153 /* Debug */,
				007FFA3F209EAB1100D23153 /* Release */,
			);
			defaultConfigurationIsVisible = 0;
			defaultConfigurationName = Release;
		};
/* End XCConfigurationList section */
	};
	rootObject = 007FFA23209EAB1100D23153 /* Project object */;
}
